
Microsoft Visual Studio Solution File, Format Version 12.00
# Visual Studio 2012
VisualStudioVersion = 12.0.31101.0
MinimumVisualStudioVersion = 10.0.40219.1
Project("{FAE04EC0-301F-11D3-BF4B-00C04F79EFBC}") = "LexisNexis.Red.Common", "LexisNexis.Red.Common\LexisNexis.Red.Common.csproj", "{DB646126-0816-4769-9FFC-CD0D63524613}"
EndProject
Project("{FAE04EC0-301F-11D3-BF4B-00C04F79EFBC}") = "LexisNexisRediOSTest", "LexisNexis.Red.iOSTest\LexisNexisRediOSTest.csproj", "{6C8E2B06-C990-4CF2-864A-8E4EF5DA5728}"
EndProject
Project("{FAE04EC0-301F-11D3-BF4B-00C04F79EFBC}") = "LexisNexis.Red.iOS", "LexisNexis.Red.iOS\LexisNexis.Red.iOS.csproj", "{DD11269A-E007-40C8-BA19-AD7AC2FCDAB5}"
EndProject
Project("{FAE04EC0-301F-11D3-BF4B-00C04F79EFBC}") = "LexisNexis.Red.CommonTests", "LexisNexis.Red.CommonTests\LexisNexis.Red.CommonTests.csproj", "{7443F05B-2B8B-4509-A5B7-0821018C14EA}"
EndProject
Global
	GlobalSection(SolutionConfigurationPlatforms) = preSolution
		Ad-Hoc|Any CPU = Ad-Hoc|Any CPU
		Ad-Hoc|iPhone = Ad-Hoc|iPhone
		Ad-Hoc|iPhoneSimulator = Ad-Hoc|iPhoneSimulator
		Ad-Hoc|Mixed Platforms = Ad-Hoc|Mixed Platforms
		AppStore|Any CPU = AppStore|Any CPU
		AppStore|iPhone = AppStore|iPhone
		AppStore|iPhoneSimulator = AppStore|iPhoneSimulator
		AppStore|Mixed Platforms = AppStore|Mixed Platforms
		Debug|Any CPU = Debug|Any CPU
		Debug|iPhone = Debug|iPhone
		Debug|iPhoneSimulator = Debug|iPhoneSimulator
		Debug|Mixed Platforms = Debug|Mixed Platforms
		Release|Any CPU = Release|Any CPU
		Release|iPhone = Release|iPhone
		Release|iPhoneSimulator = Release|iPhoneSimulator
		Release|Mixed Platforms = Release|Mixed Platforms
		Testdebug|Any CPU = Testdebug|Any CPU
		Debug1|Any CPU = Debug1|Any CPU
		PreViewRelease|Any CPU = PreViewRelease|Any CPU
		PreViewRelease1|Any CPU = PreViewRelease1|Any CPU
		Preview|iPhone = Preview|iPhone
		Preview|iPhoneSimulator = Preview|iPhoneSimulator
		Preview|Any CPU = Preview|Any CPU
		Testing|iPhone = Testing|iPhone
		Testing|Any CPU = Testing|Any CPU
		Testing|iPhoneSimulator = Testing|iPhoneSimulator
	EndGlobalSection
	GlobalSection(ProjectConfigurationPlatforms) = postSolution
		{6C8E2B06-C990-4CF2-864A-8E4EF5DA5728}.Ad-Hoc|Any CPU.ActiveCfg = Ad-Hoc|iPhone
		{6C8E2B06-C990-4CF2-864A-8E4EF5DA5728}.Ad-Hoc|Any CPU.Build.0 = Ad-Hoc|iPhone
		{6C8E2B06-C990-4CF2-864A-8E4EF5DA5728}.Ad-Hoc|iPhone.ActiveCfg = Ad-Hoc|iPhone
		{6C8E2B06-C990-4CF2-864A-8E4EF5DA5728}.Ad-Hoc|iPhone.Build.0 = Ad-Hoc|iPhone
		{6C8E2B06-C990-4CF2-864A-8E4EF5DA5728}.Ad-Hoc|iPhoneSimulator.ActiveCfg = Debug|iPhoneSimulator
		{6C8E2B06-C990-4CF2-864A-8E4EF5DA5728}.Ad-Hoc|iPhoneSimulator.Build.0 = Debug|iPhoneSimulator
		{6C8E2B06-C990-4CF2-864A-8E4EF5DA5728}.Ad-Hoc|Mixed Platforms.ActiveCfg = Ad-Hoc|iPhone
		{6C8E2B06-C990-4CF2-864A-8E4EF5DA5728}.Ad-Hoc|Mixed Platforms.Build.0 = Ad-Hoc|iPhone
		{6C8E2B06-C990-4CF2-864A-8E4EF5DA5728}.AppStore|Any CPU.ActiveCfg = AppStore|iPhone
		{6C8E2B06-C990-4CF2-864A-8E4EF5DA5728}.AppStore|Any CPU.Build.0 = AppStore|iPhone
		{6C8E2B06-C990-4CF2-864A-8E4EF5DA5728}.AppStore|iPhone.ActiveCfg = AppStore|iPhone
		{6C8E2B06-C990-4CF2-864A-8E4EF5DA5728}.AppStore|iPhone.Build.0 = AppStore|iPhone
		{6C8E2B06-C990-4CF2-864A-8E4EF5DA5728}.AppStore|iPhoneSimulator.ActiveCfg = Debug|iPhoneSimulator
		{6C8E2B06-C990-4CF2-864A-8E4EF5DA5728}.AppStore|iPhoneSimulator.Build.0 = Debug|iPhoneSimulator
		{6C8E2B06-C990-4CF2-864A-8E4EF5DA5728}.AppStore|Mixed Platforms.ActiveCfg = AppStore|iPhone
		{6C8E2B06-C990-4CF2-864A-8E4EF5DA5728}.AppStore|Mixed Platforms.Build.0 = AppStore|iPhone
		{6C8E2B06-C990-4CF2-864A-8E4EF5DA5728}.Debug|Any CPU.ActiveCfg = Debug|iPhoneSimulator
		{6C8E2B06-C990-4CF2-864A-8E4EF5DA5728}.Debug|Any CPU.Build.0 = Debug|iPhoneSimulator
		{6C8E2B06-C990-4CF2-864A-8E4EF5DA5728}.Debug|iPhone.ActiveCfg = Debug|iPhone
		{6C8E2B06-C990-4CF2-864A-8E4EF5DA5728}.Debug|iPhone.Build.0 = Debug|iPhone
		{6C8E2B06-C990-4CF2-864A-8E4EF5DA5728}.Debug|iPhoneSimulator.ActiveCfg = Debug|iPhoneSimulator
		{6C8E2B06-C990-4CF2-864A-8E4EF5DA5728}.Debug|iPhoneSimulator.Build.0 = Debug|iPhoneSimulator
		{6C8E2B06-C990-4CF2-864A-8E4EF5DA5728}.Debug|Mixed Platforms.ActiveCfg = Debug|iPhoneSimulator
		{6C8E2B06-C990-4CF2-864A-8E4EF5DA5728}.Debug|Mixed Platforms.Build.0 = Debug|iPhoneSimulator
		{6C8E2B06-C990-4CF2-864A-8E4EF5DA5728}.Debug1|Any CPU.ActiveCfg = Debug1|Any CPU
		{6C8E2B06-C990-4CF2-864A-8E4EF5DA5728}.Preview|Any CPU.ActiveCfg = Preview|Any CPU
		{6C8E2B06-C990-4CF2-864A-8E4EF5DA5728}.Preview|Any CPU.Build.0 = Preview|Any CPU
		{6C8E2B06-C990-4CF2-864A-8E4EF5DA5728}.Preview|iPhone.ActiveCfg = Preview|iPhone
		{6C8E2B06-C990-4CF2-864A-8E4EF5DA5728}.Preview|iPhone.Build.0 = Preview|iPhone
		{6C8E2B06-C990-4CF2-864A-8E4EF5DA5728}.Preview|iPhoneSimulator.ActiveCfg = Preview|iPhoneSimulator
		{6C8E2B06-C990-4CF2-864A-8E4EF5DA5728}.Preview|iPhoneSimulator.Build.0 = Preview|iPhoneSimulator
		{6C8E2B06-C990-4CF2-864A-8E4EF5DA5728}.PreViewRelease|Any CPU.ActiveCfg = PreViewRelease|Any CPU
		{6C8E2B06-C990-4CF2-864A-8E4EF5DA5728}.PreViewRelease1|Any CPU.ActiveCfg = PreViewRelease1|Any CPU
		{6C8E2B06-C990-4CF2-864A-8E4EF5DA5728}.Release|Any CPU.ActiveCfg = Release|iPhoneSimulator
		{6C8E2B06-C990-4CF2-864A-8E4EF5DA5728}.Release|Any CPU.Build.0 = Release|iPhoneSimulator
		{6C8E2B06-C990-4CF2-864A-8E4EF5DA5728}.Release|iPhone.ActiveCfg = Release|iPhone
		{6C8E2B06-C990-4CF2-864A-8E4EF5DA5728}.Release|iPhone.Build.0 = Release|iPhone
		{6C8E2B06-C990-4CF2-864A-8E4EF5DA5728}.Release|iPhoneSimulator.ActiveCfg = Release|iPhoneSimulator
		{6C8E2B06-C990-4CF2-864A-8E4EF5DA5728}.Release|iPhoneSimulator.Build.0 = Release|iPhoneSimulator
		{6C8E2B06-C990-4CF2-864A-8E4EF5DA5728}.Release|Mixed Platforms.ActiveCfg = Release|iPhoneSimulator
		{6C8E2B06-C990-4CF2-864A-8E4EF5DA5728}.Release|Mixed Platforms.Build.0 = Release|iPhoneSimulator
		{6C8E2B06-C990-4CF2-864A-8E4EF5DA5728}.Testdebug|Any CPU.ActiveCfg = Testdebug|Any CPU
		{6C8E2B06-C990-4CF2-864A-8E4EF5DA5728}.Testing|Any CPU.ActiveCfg = Testing|Any CPU
		{6C8E2B06-C990-4CF2-864A-8E4EF5DA5728}.Testing|Any CPU.Build.0 = Testing|Any CPU
		{6C8E2B06-C990-4CF2-864A-8E4EF5DA5728}.Testing|iPhone.ActiveCfg = Debug|iPhoneSimulator
		{6C8E2B06-C990-4CF2-864A-8E4EF5DA5728}.Testing|iPhoneSimulator.ActiveCfg = Testing|Any CPU
		{7443F05B-2B8B-4509-A5B7-0821018C14EA}.Ad-Hoc|Any CPU.ActiveCfg = Release|Any CPU
		{7443F05B-2B8B-4509-A5B7-0821018C14EA}.Ad-Hoc|Any CPU.Build.0 = Release|Any CPU
		{7443F05B-2B8B-4509-A5B7-0821018C14EA}.Ad-Hoc|iPhone.ActiveCfg = Release|Any CPU
		{7443F05B-2B8B-4509-A5B7-0821018C14EA}.Ad-Hoc|iPhone.Build.0 = Release|Any CPU
		{7443F05B-2B8B-4509-A5B7-0821018C14EA}.Ad-Hoc|iPhoneSimulator.ActiveCfg = Debug|Any CPU
		{7443F05B-2B8B-4509-A5B7-0821018C14EA}.Ad-Hoc|iPhoneSimulator.Build.0 = Debug|Any CPU
		{7443F05B-2B8B-4509-A5B7-0821018C14EA}.Ad-Hoc|Mixed Platforms.ActiveCfg = Release|Any CPU
		{7443F05B-2B8B-4509-A5B7-0821018C14EA}.Ad-Hoc|Mixed Platforms.Build.0 = Release|Any CPU
		{7443F05B-2B8B-4509-A5B7-0821018C14EA}.AppStore|Any CPU.ActiveCfg = Release|Any CPU
		{7443F05B-2B8B-4509-A5B7-0821018C14EA}.AppStore|Any CPU.Build.0 = Release|Any CPU
		{7443F05B-2B8B-4509-A5B7-0821018C14EA}.AppStore|iPhone.ActiveCfg = Release|Any CPU
		{7443F05B-2B8B-4509-A5B7-0821018C14EA}.AppStore|iPhone.Build.0 = Release|Any CPU
		{7443F05B-2B8B-4509-A5B7-0821018C14EA}.AppStore|iPhoneSimulator.ActiveCfg = Debug|Any CPU
		{7443F05B-2B8B-4509-A5B7-0821018C14EA}.AppStore|iPhoneSimulator.Build.0 = Debug|Any CPU
		{7443F05B-2B8B-4509-A5B7-0821018C14EA}.AppStore|Mixed Platforms.ActiveCfg = Release|Any CPU
		{7443F05B-2B8B-4509-A5B7-0821018C14EA}.AppStore|Mixed Platforms.Build.0 = Release|Any CPU
		{7443F05B-2B8B-4509-A5B7-0821018C14EA}.Debug|Any CPU.ActiveCfg = Debug|Any CPU
		{7443F05B-2B8B-4509-A5B7-0821018C14EA}.Debug|Any CPU.Build.0 = Debug|Any CPU
		{7443F05B-2B8B-4509-A5B7-0821018C14EA}.Debug|iPhone.ActiveCfg = Debug|Any CPU
		{7443F05B-2B8B-4509-A5B7-0821018C14EA}.Debug|iPhone.Build.0 = Debug|Any CPU
		{7443F05B-2B8B-4509-A5B7-0821018C14EA}.Debug|iPhoneSimulator.ActiveCfg = Debug|Any CPU
		{7443F05B-2B8B-4509-A5B7-0821018C14EA}.Debug|iPhoneSimulator.Build.0 = Debug|Any CPU
		{7443F05B-2B8B-4509-A5B7-0821018C14EA}.Debug|Mixed Platforms.ActiveCfg = Debug|Any CPU
		{7443F05B-2B8B-4509-A5B7-0821018C14EA}.Debug|Mixed Platforms.Build.0 = Debug|Any CPU
		{7443F05B-2B8B-4509-A5B7-0821018C14EA}.Debug1|Any CPU.ActiveCfg = Debug1|Any CPU
		{7443F05B-2B8B-4509-A5B7-0821018C14EA}.Debug1|Any CPU.Build.0 = Debug1|Any CPU
		{7443F05B-2B8B-4509-A5B7-0821018C14EA}.Preview|Any CPU.ActiveCfg = Preview|Any CPU
		{7443F05B-2B8B-4509-A5B7-0821018C14EA}.Preview|iPhone.ActiveCfg = Preview|iPhone
		{7443F05B-2B8B-4509-A5B7-0821018C14EA}.Preview|iPhoneSimulator.ActiveCfg = Preview|iPhoneSimulator
		{7443F05B-2B8B-4509-A5B7-0821018C14EA}.PreViewRelease|Any CPU.ActiveCfg = PreViewRelease|Any CPU
		{7443F05B-2B8B-4509-A5B7-0821018C14EA}.PreViewRelease|Any CPU.Build.0 = PreViewRelease|Any CPU
		{7443F05B-2B8B-4509-A5B7-0821018C14EA}.PreViewRelease1|Any CPU.ActiveCfg = PreViewRelease1|Any CPU
		{7443F05B-2B8B-4509-A5B7-0821018C14EA}.PreViewRelease1|Any CPU.Build.0 = PreViewRelease1|Any CPU
		{7443F05B-2B8B-4509-A5B7-0821018C14EA}.Release|Any CPU.ActiveCfg = Release|Any CPU
		{7443F05B-2B8B-4509-A5B7-0821018C14EA}.Release|Any CPU.Build.0 = Release|Any CPU
		{7443F05B-2B8B-4509-A5B7-0821018C14EA}.Release|iPhone.ActiveCfg = Release|Any CPU
		{7443F05B-2B8B-4509-A5B7-0821018C14EA}.Release|iPhone.Build.0 = Release|Any CPU
		{7443F05B-2B8B-4509-A5B7-0821018C14EA}.Release|iPhoneSimulator.ActiveCfg = Release|Any CPU
		{7443F05B-2B8B-4509-A5B7-0821018C14EA}.Release|iPhoneSimulator.Build.0 = Release|Any CPU
		{7443F05B-2B8B-4509-A5B7-0821018C14EA}.Release|Mixed Platforms.ActiveCfg = Release|Any CPU
		{7443F05B-2B8B-4509-A5B7-0821018C14EA}.Release|Mixed Platforms.Build.0 = Release|Any CPU
		{7443F05B-2B8B-4509-A5B7-0821018C14EA}.Testdebug|Any CPU.ActiveCfg = Testdebug|Any CPU
		{7443F05B-2B8B-4509-A5B7-0821018C14EA}.Testdebug|Any CPU.Build.0 = Testdebug|Any CPU
		{7443F05B-2B8B-4509-A5B7-0821018C14EA}.Testing|Any CPU.ActiveCfg = Testing|Any CPU
		{7443F05B-2B8B-4509-A5B7-0821018C14EA}.Testing|iPhone.ActiveCfg = Testing|Any CPU
		{7443F05B-2B8B-4509-A5B7-0821018C14EA}.Testing|iPhoneSimulator.ActiveCfg = Testing|Any CPU
		{DB646126-0816-4769-9FFC-CD0D63524613}.Ad-Hoc|Any CPU.ActiveCfg = Testing|Any CPU
		{DB646126-0816-4769-9FFC-CD0D63524613}.Ad-Hoc|Any CPU.Build.0 = Testing|Any CPU
		{DB646126-0816-4769-9FFC-CD0D63524613}.Ad-Hoc|iPhone.ActiveCfg = Release|Any CPU
		{DB646126-0816-4769-9FFC-CD0D63524613}.Ad-Hoc|iPhoneSimulator.ActiveCfg = Release|Any CPU
		{DB646126-0816-4769-9FFC-CD0D63524613}.Ad-Hoc|Mixed Platforms.ActiveCfg = Release|Any CPU
		{DB646126-0816-4769-9FFC-CD0D63524613}.Ad-Hoc|Mixed Platforms.Build.0 = Release|Any CPU
		{DB646126-0816-4769-9FFC-CD0D63524613}.AppStore|Any CPU.ActiveCfg = Release|Any CPU
		{DB646126-0816-4769-9FFC-CD0D63524613}.AppStore|Any CPU.Build.0 = Release|Any CPU
		{DB646126-0816-4769-9FFC-CD0D63524613}.AppStore|iPhone.ActiveCfg = Release|Any CPU
		{DB646126-0816-4769-9FFC-CD0D63524613}.AppStore|iPhoneSimulator.ActiveCfg = Release|Any CPU
		{DB646126-0816-4769-9FFC-CD0D63524613}.AppStore|Mixed Platforms.ActiveCfg = Release|Any CPU
		{DB646126-0816-4769-9FFC-CD0D63524613}.AppStore|Mixed Platforms.Build.0 = Release|Any CPU
		{DB646126-0816-4769-9FFC-CD0D63524613}.Debug|Any CPU.ActiveCfg = Debug|Any CPU
		{DB646126-0816-4769-9FFC-CD0D63524613}.Debug|Any CPU.Build.0 = Debug|Any CPU
		{DB646126-0816-4769-9FFC-CD0D63524613}.Debug|iPhone.ActiveCfg = Debug|Any CPU
		{DB646126-0816-4769-9FFC-CD0D63524613}.Debug|iPhone.Build.0 = Debug|Any CPU
		{DB646126-0816-4769-9FFC-CD0D63524613}.Debug|iPhoneSimulator.ActiveCfg = Debug|Any CPU
		{DB646126-0816-4769-9FFC-CD0D63524613}.Debug|Mixed Platforms.ActiveCfg = Debug|Any CPU
		{DB646126-0816-4769-9FFC-CD0D63524613}.Debug|Mixed Platforms.Build.0 = Debug|Any CPU
		{DB646126-0816-4769-9FFC-CD0D63524613}.Debug1|Any CPU.ActiveCfg = Debug|Any CPU
		{DB646126-0816-4769-9FFC-CD0D63524613}.Debug1|Any CPU.Build.0 = Debug|Any CPU
		{DB646126-0816-4769-9FFC-CD0D63524613}.Preview|Any CPU.ActiveCfg = Preview|Any CPU
		{DB646126-0816-4769-9FFC-CD0D63524613}.Preview|Any CPU.Build.0 = Preview|Any CPU
		{DB646126-0816-4769-9FFC-CD0D63524613}.Preview|iPhone.ActiveCfg = Preview|Any CPU
		{DB646126-0816-4769-9FFC-CD0D63524613}.Preview|iPhone.Build.0 = Preview|Any CPU
		{DB646126-0816-4769-9FFC-CD0D63524613}.Preview|iPhoneSimulator.ActiveCfg = Preview|Any CPU
		{DB646126-0816-4769-9FFC-CD0D63524613}.Preview|iPhoneSimulator.Build.0 = Preview|Any CPU
		{DB646126-0816-4769-9FFC-CD0D63524613}.PreViewRelease|Any CPU.ActiveCfg = PreViewRelease|Any CPU
		{DB646126-0816-4769-9FFC-CD0D63524613}.PreViewRelease|Any CPU.Build.0 = PreViewRelease|Any CPU
		{DB646126-0816-4769-9FFC-CD0D63524613}.PreViewRelease1|Any CPU.ActiveCfg = Debug|Any CPU
		{DB646126-0816-4769-9FFC-CD0D63524613}.PreViewRelease1|Any CPU.Build.0 = Debug|Any CPU
		{DB646126-0816-4769-9FFC-CD0D63524613}.Release|Any CPU.ActiveCfg = Release|Any CPU
		{DB646126-0816-4769-9FFC-CD0D63524613}.Release|Any CPU.Build.0 = Release|Any CPU
		{DB646126-0816-4769-9FFC-CD0D63524613}.Release|iPhone.ActiveCfg = Release|Any CPU
		{DB646126-0816-4769-9FFC-CD0D63524613}.Release|iPhone.Build.0 = Release|Any CPU
		{DB646126-0816-4769-9FFC-CD0D63524613}.Release|iPhoneSimulator.ActiveCfg = Release|Any CPU
		{DB646126-0816-4769-9FFC-CD0D63524613}.Release|iPhoneSimulator.Build.0 = Release|Any CPU
		{DB646126-0816-4769-9FFC-CD0D63524613}.Release|Mixed Platforms.ActiveCfg = Release|Any CPU
		{DB646126-0816-4769-9FFC-CD0D63524613}.Release|Mixed Platforms.Build.0 = Release|Any CPU
		{DB646126-0816-4769-9FFC-CD0D63524613}.Testdebug|Any CPU.ActiveCfg = Debug|Any CPU
		{DB646126-0816-4769-9FFC-CD0D63524613}.Testdebug|Any CPU.Build.0 = Debug|Any CPU
		{DB646126-0816-4769-9FFC-CD0D63524613}.Testing|Any CPU.ActiveCfg = Testing|Any CPU
		{DB646126-0816-4769-9FFC-CD0D63524613}.Testing|Any CPU.Build.0 = Testing|Any CPU
		{DB646126-0816-4769-9FFC-CD0D63524613}.Testing|iPhone.ActiveCfg = Testing|Any CPU
		{DB646126-0816-4769-9FFC-CD0D63524613}.Testing|iPhone.Build.0 = Testing|Any CPU
		{DB646126-0816-4769-9FFC-CD0D63524613}.Testing|iPhoneSimulator.ActiveCfg = Testing|Any CPU
		{DB646126-0816-4769-9FFC-CD0D63524613}.Testing|iPhoneSimulator.Build.0 = Testing|Any CPU
		{DD11269A-E007-40C8-BA19-AD7AC2FCDAB5}.Ad-Hoc|Any CPU.ActiveCfg = Ad-Hoc|iPhone
		{DD11269A-E007-40C8-BA19-AD7AC2FCDAB5}.Ad-Hoc|Any CPU.Build.0 = Ad-Hoc|iPhone
		{DD11269A-E007-40C8-BA19-AD7AC2FCDAB5}.Ad-Hoc|iPhone.ActiveCfg = Ad-Hoc|iPhone
		{DD11269A-E007-40C8-BA19-AD7AC2FCDAB5}.Ad-Hoc|iPhone.Build.0 = Ad-Hoc|iPhone
		{DD11269A-E007-40C8-BA19-AD7AC2FCDAB5}.Ad-Hoc|iPhoneSimulator.ActiveCfg = Debug|iPhoneSimulator
		{DD11269A-E007-40C8-BA19-AD7AC2FCDAB5}.Ad-Hoc|iPhoneSimulator.Build.0 = Debug|iPhoneSimulator
		{DD11269A-E007-40C8-BA19-AD7AC2FCDAB5}.Ad-Hoc|Mixed Platforms.ActiveCfg = Ad-Hoc|iPhone
		{DD11269A-E007-40C8-BA19-AD7AC2FCDAB5}.Ad-Hoc|Mixed Platforms.Build.0 = Ad-Hoc|iPhone
		{DD11269A-E007-40C8-BA19-AD7AC2FCDAB5}.AppStore|Any CPU.ActiveCfg = AppStore|iPhone
		{DD11269A-E007-40C8-BA19-AD7AC2FCDAB5}.AppStore|Any CPU.Build.0 = AppStore|iPhone
		{DD11269A-E007-40C8-BA19-AD7AC2FCDAB5}.AppStore|iPhone.ActiveCfg = AppStore|iPhone
		{DD11269A-E007-40C8-BA19-AD7AC2FCDAB5}.AppStore|iPhone.Build.0 = AppStore|iPhone
		{DD11269A-E007-40C8-BA19-AD7AC2FCDAB5}.AppStore|iPhoneSimulator.ActiveCfg = Debug|iPhoneSimulator
		{DD11269A-E007-40C8-BA19-AD7AC2FCDAB5}.AppStore|iPhoneSimulator.Build.0 = Debug|iPhoneSimulator
		{DD11269A-E007-40C8-BA19-AD7AC2FCDAB5}.AppStore|Mixed Platforms.ActiveCfg = AppStore|iPhone
		{DD11269A-E007-40C8-BA19-AD7AC2FCDAB5}.AppStore|Mixed Platforms.Build.0 = AppStore|iPhone
		{DD11269A-E007-40C8-BA19-AD7AC2FCDAB5}.Debug|Any CPU.ActiveCfg = Debug|iPhoneSimulator
		{DD11269A-E007-40C8-BA19-AD7AC2FCDAB5}.Debug|Any CPU.Build.0 = Debug|iPhoneSimulator
		{DD11269A-E007-40C8-BA19-AD7AC2FCDAB5}.Debug|iPhone.ActiveCfg = Debug|iPhone
		{DD11269A-E007-40C8-BA19-AD7AC2FCDAB5}.Debug|iPhone.Build.0 = Debug|iPhone
		{DD11269A-E007-40C8-BA19-AD7AC2FCDAB5}.Debug|iPhoneSimulator.ActiveCfg = Debug|iPhoneSimulator
		{DD11269A-E007-40C8-BA19-AD7AC2FCDAB5}.Debug|iPhoneSimulator.Build.0 = Debug|iPhoneSimulator
		{DD11269A-E007-40C8-BA19-AD7AC2FCDAB5}.Debug|Mixed Platforms.ActiveCfg = Debug|iPhoneSimulator
		{DD11269A-E007-40C8-BA19-AD7AC2FCDAB5}.Debug|Mixed Platforms.Build.0 = Debug|iPhoneSimulator
		{DD11269A-E007-40C8-BA19-AD7AC2FCDAB5}.Debug1|Any CPU.ActiveCfg = Debug|iPhoneSimulator
		{DD11269A-E007-40C8-BA19-AD7AC2FCDAB5}.Debug1|Any CPU.Build.0 = Debug|iPhoneSimulator
		{DD11269A-E007-40C8-BA19-AD7AC2FCDAB5}.Preview|Any CPU.ActiveCfg = Preview|Any CPU
		{DD11269A-E007-40C8-BA19-AD7AC2FCDAB5}.Preview|Any CPU.Build.0 = Preview|Any CPU
		{DD11269A-E007-40C8-BA19-AD7AC2FCDAB5}.Preview|iPhone.ActiveCfg = Preview|iPhone
		{DD11269A-E007-40C8-BA19-AD7AC2FCDAB5}.Preview|iPhone.Build.0 = Preview|iPhone
		{DD11269A-E007-40C8-BA19-AD7AC2FCDAB5}.Preview|iPhoneSimulator.ActiveCfg = Preview|iPhoneSimulator
		{DD11269A-E007-40C8-BA19-AD7AC2FCDAB5}.Preview|iPhoneSimulator.Build.0 = Preview|iPhoneSimulator
		{DD11269A-E007-40C8-BA19-AD7AC2FCDAB5}.PreViewRelease|Any CPU.ActiveCfg = Debug|iPhoneSimulator
		{DD11269A-E007-40C8-BA19-AD7AC2FCDAB5}.PreViewRelease|Any CPU.Build.0 = Debug|iPhoneSimulator
		{DD11269A-E007-40C8-BA19-AD7AC2FCDAB5}.PreViewRelease1|Any CPU.ActiveCfg = Debug|iPhoneSimulator
		{DD11269A-E007-40C8-BA19-AD7AC2FCDAB5}.PreViewRelease1|Any CPU.Build.0 = Debug|iPhoneSimulator
		{DD11269A-E007-40C8-BA19-AD7AC2FCDAB5}.Release|Any CPU.ActiveCfg = Release|iPhoneSimulator
		{DD11269A-E007-40C8-BA19-AD7AC2FCDAB5}.Release|Any CPU.Build.0 = Release|iPhoneSimulator
		{DD11269A-E007-40C8-BA19-AD7AC2FCDAB5}.Release|iPhone.ActiveCfg = Release|iPhone
		{DD11269A-E007-40C8-BA19-AD7AC2FCDAB5}.Release|iPhone.Build.0 = Release|iPhone
		{DD11269A-E007-40C8-BA19-AD7AC2FCDAB5}.Release|iPhoneSimulator.ActiveCfg = Release|iPhoneSimulator
		{DD11269A-E007-40C8-BA19-AD7AC2FCDAB5}.Release|iPhoneSimulator.Build.0 = Release|iPhoneSimulator
		{DD11269A-E007-40C8-BA19-AD7AC2FCDAB5}.Release|Mixed Platforms.ActiveCfg = Release|iPhoneSimulator
		{DD11269A-E007-40C8-BA19-AD7AC2FCDAB5}.Release|Mixed Platforms.Build.0 = Release|iPhoneSimulator
		{DD11269A-E007-40C8-BA19-AD7AC2FCDAB5}.Testdebug|Any CPU.ActiveCfg = Debug|iPhoneSimulator
		{DD11269A-E007-40C8-BA19-AD7AC2FCDAB5}.Testdebug|Any CPU.Build.0 = Debug|iPhoneSimulator
		{DD11269A-E007-40C8-BA19-AD7AC2FCDAB5}.Testing|Any CPU.ActiveCfg = Testing|Any CPU
		{DD11269A-E007-40C8-BA19-AD7AC2FCDAB5}.Testing|Any CPU.Build.0 = Testing|Any CPU
		{DD11269A-E007-40C8-BA19-AD7AC2FCDAB5}.Testing|iPhone.ActiveCfg = Testing|iPhone
		{DD11269A-E007-40C8-BA19-AD7AC2FCDAB5}.Testing|iPhone.Build.0 = Testing|iPhone
		{DD11269A-E007-40C8-BA19-AD7AC2FCDAB5}.Testing|iPhoneSimulator.ActiveCfg = Testing|iPhoneSimulator
		{DD11269A-E007-40C8-BA19-AD7AC2FCDAB5}.Testing|iPhoneSimulator.Build.0 = Testing|iPhoneSimulator
	EndGlobalSection
	GlobalSection(SolutionProperties) = preSolution
		HideSolutionNode = FALSE
	EndGlobalSection
EndGlobal
