
Microsoft Visual Studio Solution File, Format Version 12.00
# Visual Studio 2013
VisualStudioVersion = 12.0.31101.0
MinimumVisualStudioVersion = 10.0.40219.1
Project("{FAE04EC0-301F-11D3-BF4B-00C04F79EFBC}") = "LexisNexis.Red.WindowsStore", "LexisNexis.Red.WindowsStore\LexisNexis.Red.WindowsStore.csproj", "{1E4D1F74-8203-412E-BACD-ECA8E01CC179}"
EndProject
Project("{FAE04EC0-301F-11D3-BF4B-00C04F79EFBC}") = "LexisNexis.Red.Common", "LexisNexis.Red.Common\LexisNexis.Red.Common.csproj", "{DB646126-0816-4769-9FFC-CD0D63524613}"
EndProject
Project("{FAE04EC0-301F-11D3-BF4B-00C04F79EFBC}") = "LexisNexis.Red.CommonTests", "LexisNexis.Red.CommonTests\LexisNexis.Red.CommonTests.csproj", "{7443F05B-2B8B-4509-A5B7-0821018C14EA}"
EndProject
Global
	GlobalSection(SolutionConfigurationPlatforms) = preSolution
		Debug|Any CPU = Debug|Any CPU
		Debug|ARM = Debug|ARM
		Debug|x64 = Debug|x64
		Debug|x86 = Debug|x86
		Preview|Any CPU = Preview|Any CPU
		Preview|ARM = Preview|ARM
		Preview|x64 = Preview|x64
		Preview|x86 = Preview|x86
		PreViewRelease|Any CPU = PreViewRelease|Any CPU
		PreViewRelease|ARM = PreViewRelease|ARM
		PreViewRelease|x64 = PreViewRelease|x64
		PreViewRelease|x86 = PreViewRelease|x86
		Release|Any CPU = Release|Any CPU
		Release|ARM = Release|ARM
		Release|x64 = Release|x64
		Release|x86 = Release|x86
		Testing|Any CPU = Testing|Any CPU
		Testing|ARM = Testing|ARM
		Testing|x64 = Testing|x64
		Testing|x86 = Testing|x86
	EndGlobalSection
	GlobalSection(ProjectConfigurationPlatforms) = postSolution
		{1E4D1F74-8203-412E-BACD-ECA8E01CC179}.Debug|Any CPU.ActiveCfg = Debug|Any CPU
		{1E4D1F74-8203-412E-BACD-ECA8E01CC179}.Debug|Any CPU.Build.0 = Debug|Any CPU
		{1E4D1F74-8203-412E-BACD-ECA8E01CC179}.Debug|Any CPU.Deploy.0 = Debug|Any CPU
		{1E4D1F74-8203-412E-BACD-ECA8E01CC179}.Debug|ARM.ActiveCfg = Debug|ARM
		{1E4D1F74-8203-412E-BACD-ECA8E01CC179}.Debug|ARM.Build.0 = Debug|ARM
		{1E4D1F74-8203-412E-BACD-ECA8E01CC179}.Debug|ARM.Deploy.0 = Debug|ARM
		{1E4D1F74-8203-412E-BACD-ECA8E01CC179}.Debug|x64.ActiveCfg = Debug|x64
		{1E4D1F74-8203-412E-BACD-ECA8E01CC179}.Debug|x64.Build.0 = Debug|x64
		{1E4D1F74-8203-412E-BACD-ECA8E01CC179}.Debug|x64.Deploy.0 = Debug|x64
		{1E4D1F74-8203-412E-BACD-ECA8E01CC179}.Debug|x86.ActiveCfg = Debug|x86
		{1E4D1F74-8203-412E-BACD-ECA8E01CC179}.Debug|x86.Build.0 = Debug|x86
		{1E4D1F74-8203-412E-BACD-ECA8E01CC179}.Debug|x86.Deploy.0 = Debug|x86
		{1E4D1F74-8203-412E-BACD-ECA8E01CC179}.Preview|Any CPU.ActiveCfg = Preview|Any CPU
		{1E4D1F74-8203-412E-BACD-ECA8E01CC179}.Preview|Any CPU.Build.0 = Preview|Any CPU
		{1E4D1F74-8203-412E-BACD-ECA8E01CC179}.Preview|Any CPU.Deploy.0 = Preview|Any CPU
		{1E4D1F74-8203-412E-BACD-ECA8E01CC179}.Preview|ARM.ActiveCfg = Preview|ARM
		{1E4D1F74-8203-412E-BACD-ECA8E01CC179}.Preview|ARM.Build.0 = Preview|ARM
		{1E4D1F74-8203-412E-BACD-ECA8E01CC179}.Preview|ARM.Deploy.0 = Preview|ARM
		{1E4D1F74-8203-412E-BACD-ECA8E01CC179}.Preview|x64.ActiveCfg = Preview|x64
		{1E4D1F74-8203-412E-BACD-ECA8E01CC179}.Preview|x64.Build.0 = Preview|x64
		{1E4D1F74-8203-412E-BACD-ECA8E01CC179}.Preview|x64.Deploy.0 = Preview|x64
		{1E4D1F74-8203-412E-BACD-ECA8E01CC179}.Preview|x86.ActiveCfg = Preview|x86
		{1E4D1F74-8203-412E-BACD-ECA8E01CC179}.Preview|x86.Build.0 = Preview|x86
		{1E4D1F74-8203-412E-BACD-ECA8E01CC179}.Preview|x86.Deploy.0 = Preview|x86
		{1E4D1F74-8203-412E-BACD-ECA8E01CC179}.PreViewRelease|Any CPU.ActiveCfg = Release|Any CPU
		{1E4D1F74-8203-412E-BACD-ECA8E01CC179}.PreViewRelease|ARM.ActiveCfg = Release|ARM
		{1E4D1F74-8203-412E-BACD-ECA8E01CC179}.PreViewRelease|ARM.Build.0 = Release|ARM
		{1E4D1F74-8203-412E-BACD-ECA8E01CC179}.PreViewRelease|ARM.Deploy.0 = Release|ARM
		{1E4D1F74-8203-412E-BACD-ECA8E01CC179}.PreViewRelease|x64.ActiveCfg = Release|x64
		{1E4D1F74-8203-412E-BACD-ECA8E01CC179}.PreViewRelease|x64.Build.0 = Release|x64
		{1E4D1F74-8203-412E-BACD-ECA8E01CC179}.PreViewRelease|x64.Deploy.0 = Release|x64
		{1E4D1F74-8203-412E-BACD-ECA8E01CC179}.PreViewRelease|x86.ActiveCfg = Release|x86
		{1E4D1F74-8203-412E-BACD-ECA8E01CC179}.PreViewRelease|x86.Build.0 = Release|x86
		{1E4D1F74-8203-412E-BACD-ECA8E01CC179}.PreViewRelease|x86.Deploy.0 = Release|x86
		{1E4D1F74-8203-412E-BACD-ECA8E01CC179}.Release|Any CPU.ActiveCfg = Release|Any CPU
		{1E4D1F74-8203-412E-BACD-ECA8E01CC179}.Release|Any CPU.Build.0 = Release|Any CPU
		{1E4D1F74-8203-412E-BACD-ECA8E01CC179}.Release|Any CPU.Deploy.0 = Release|Any CPU
		{1E4D1F74-8203-412E-BACD-ECA8E01CC179}.Release|ARM.ActiveCfg = Release|ARM
		{1E4D1F74-8203-412E-BACD-ECA8E01CC179}.Release|ARM.Build.0 = Release|ARM
		{1E4D1F74-8203-412E-BACD-ECA8E01CC179}.Release|ARM.Deploy.0 = Release|ARM
		{1E4D1F74-8203-412E-BACD-ECA8E01CC179}.Release|x64.ActiveCfg = Release|x64
		{1E4D1F74-8203-412E-BACD-ECA8E01CC179}.Release|x64.Build.0 = Release|x64
		{1E4D1F74-8203-412E-BACD-ECA8E01CC179}.Release|x64.Deploy.0 = Release|x64
		{1E4D1F74-8203-412E-BACD-ECA8E01CC179}.Release|x86.ActiveCfg = Release|x86
		{1E4D1F74-8203-412E-BACD-ECA8E01CC179}.Release|x86.Build.0 = Release|x86
		{1E4D1F74-8203-412E-BACD-ECA8E01CC179}.Release|x86.Deploy.0 = Release|x86
		{1E4D1F74-8203-412E-BACD-ECA8E01CC179}.Testing|Any CPU.ActiveCfg = Testing|Any CPU
		{1E4D1F74-8203-412E-BACD-ECA8E01CC179}.Testing|Any CPU.Build.0 = Testing|Any CPU
		{1E4D1F74-8203-412E-BACD-ECA8E01CC179}.Testing|Any CPU.Deploy.0 = Testing|Any CPU
		{1E4D1F74-8203-412E-BACD-ECA8E01CC179}.Testing|ARM.ActiveCfg = Testing|ARM
		{1E4D1F74-8203-412E-BACD-ECA8E01CC179}.Testing|ARM.Build.0 = Testing|ARM
		{1E4D1F74-8203-412E-BACD-ECA8E01CC179}.Testing|ARM.Deploy.0 = Testing|ARM
		{1E4D1F74-8203-412E-BACD-ECA8E01CC179}.Testing|x64.ActiveCfg = Testing|x64
		{1E4D1F74-8203-412E-BACD-ECA8E01CC179}.Testing|x64.Build.0 = Testing|x64
		{1E4D1F74-8203-412E-BACD-ECA8E01CC179}.Testing|x64.Deploy.0 = Testing|x64
		{1E4D1F74-8203-412E-BACD-ECA8E01CC179}.Testing|x86.ActiveCfg = Testing|x86
		{1E4D1F74-8203-412E-BACD-ECA8E01CC179}.Testing|x86.Build.0 = Testing|x86
		{1E4D1F74-8203-412E-BACD-ECA8E01CC179}.Testing|x86.Deploy.0 = Testing|x86
		{DB646126-0816-4769-9FFC-CD0D63524613}.Debug|Any CPU.ActiveCfg = Debug|Any CPU
		{DB646126-0816-4769-9FFC-CD0D63524613}.Debug|Any CPU.Build.0 = Debug|Any CPU
		{DB646126-0816-4769-9FFC-CD0D63524613}.Debug|ARM.ActiveCfg = Debug|Any CPU
		{DB646126-0816-4769-9FFC-CD0D63524613}.Debug|ARM.Build.0 = Debug|Any CPU
		{DB646126-0816-4769-9FFC-CD0D63524613}.Debug|x64.ActiveCfg = Debug|Any CPU
		{DB646126-0816-4769-9FFC-CD0D63524613}.Debug|x64.Build.0 = Debug|Any CPU
		{DB646126-0816-4769-9FFC-CD0D63524613}.Debug|x86.ActiveCfg = Debug|Any CPU
		{DB646126-0816-4769-9FFC-CD0D63524613}.Debug|x86.Build.0 = Debug|Any CPU
		{DB646126-0816-4769-9FFC-CD0D63524613}.Preview|Any CPU.ActiveCfg = Preview|Any CPU
		{DB646126-0816-4769-9FFC-CD0D63524613}.Preview|Any CPU.Build.0 = Preview|Any CPU
		{DB646126-0816-4769-9FFC-CD0D63524613}.Preview|ARM.ActiveCfg = Preview|Any CPU
		{DB646126-0816-4769-9FFC-CD0D63524613}.Preview|x64.ActiveCfg = Preview|Any CPU
		{DB646126-0816-4769-9FFC-CD0D63524613}.Preview|x86.ActiveCfg = Preview|Any CPU
		{DB646126-0816-4769-9FFC-CD0D63524613}.Preview|x86.Build.0 = Preview|Any CPU
		{DB646126-0816-4769-9FFC-CD0D63524613}.PreViewRelease|Any CPU.ActiveCfg = Preview|Any CPU
		{DB646126-0816-4769-9FFC-CD0D63524613}.PreViewRelease|Any CPU.Build.0 = Preview|Any CPU
		{DB646126-0816-4769-9FFC-CD0D63524613}.PreViewRelease|ARM.ActiveCfg = Preview|Any CPU
		{DB646126-0816-4769-9FFC-CD0D63524613}.PreViewRelease|x64.ActiveCfg = Preview|Any CPU
		{DB646126-0816-4769-9FFC-CD0D63524613}.PreViewRelease|x86.ActiveCfg = Preview|Any CPU
		{DB646126-0816-4769-9FFC-CD0D63524613}.PreViewRelease|x86.Build.0 = Preview|Any CPU
		{DB646126-0816-4769-9FFC-CD0D63524613}.Release|Any CPU.ActiveCfg = Release|Any CPU
		{DB646126-0816-4769-9FFC-CD0D63524613}.Release|Any CPU.Build.0 = Release|Any CPU
		{DB646126-0816-4769-9FFC-CD0D63524613}.Release|ARM.ActiveCfg = Release|Any CPU
		{DB646126-0816-4769-9FFC-CD0D63524613}.Release|ARM.Build.0 = Release|Any CPU
		{DB646126-0816-4769-9FFC-CD0D63524613}.Release|x64.ActiveCfg = Release|Any CPU
		{DB646126-0816-4769-9FFC-CD0D63524613}.Release|x64.Build.0 = Release|Any CPU
		{DB646126-0816-4769-9FFC-CD0D63524613}.Release|x86.ActiveCfg = Release|Any CPU
		{DB646126-0816-4769-9FFC-CD0D63524613}.Release|x86.Build.0 = Release|Any CPU
		{DB646126-0816-4769-9FFC-CD0D63524613}.Release|x86.Deploy.0 = Release|Any CPU
		{DB646126-0816-4769-9FFC-CD0D63524613}.Testing|Any CPU.ActiveCfg = Testing|Any CPU
		{DB646126-0816-4769-9FFC-CD0D63524613}.Testing|Any CPU.Build.0 = Testing|Any CPU
		{DB646126-0816-4769-9FFC-CD0D63524613}.Testing|ARM.ActiveCfg = Testing|Any CPU
		{DB646126-0816-4769-9FFC-CD0D63524613}.Testing|x64.ActiveCfg = Testing|Any CPU
		{DB646126-0816-4769-9FFC-CD0D63524613}.Testing|x86.ActiveCfg = Testing|Any CPU
		{DB646126-0816-4769-9FFC-CD0D63524613}.Testing|x86.Build.0 = Testing|Any CPU
		{7443F05B-2B8B-4509-A5B7-0821018C14EA}.Debug|Any CPU.ActiveCfg = Debug|Any CPU
		{7443F05B-2B8B-4509-A5B7-0821018C14EA}.Debug|Any CPU.Build.0 = Debug|Any CPU
		{7443F05B-2B8B-4509-A5B7-0821018C14EA}.Debug|ARM.ActiveCfg = Debug|Any CPU
		{7443F05B-2B8B-4509-A5B7-0821018C14EA}.Debug|ARM.Build.0 = Debug|Any CPU
		{7443F05B-2B8B-4509-A5B7-0821018C14EA}.Debug|x64.ActiveCfg = Debug|Any CPU
		{7443F05B-2B8B-4509-A5B7-0821018C14EA}.Debug|x64.Build.0 = Debug|Any CPU
		{7443F05B-2B8B-4509-A5B7-0821018C14EA}.Debug|x86.ActiveCfg = Debug|Any CPU
		{7443F05B-2B8B-4509-A5B7-0821018C14EA}.Preview|Any CPU.ActiveCfg = Preview|Any CPU
		{7443F05B-2B8B-4509-A5B7-0821018C14EA}.Preview|Any CPU.Build.0 = Preview|Any CPU
		{7443F05B-2B8B-4509-A5B7-0821018C14EA}.Preview|ARM.ActiveCfg = Preview|Any CPU
		{7443F05B-2B8B-4509-A5B7-0821018C14EA}.Preview|x64.ActiveCfg = Preview|Any CPU
		{7443F05B-2B8B-4509-A5B7-0821018C14EA}.Preview|x86.ActiveCfg = Preview|Any CPU
		{7443F05B-2B8B-4509-A5B7-0821018C14EA}.PreViewRelease|Any CPU.ActiveCfg = Preview|Any CPU
		{7443F05B-2B8B-4509-A5B7-0821018C14EA}.PreViewRelease|Any CPU.Build.0 = Preview|Any CPU
		{7443F05B-2B8B-4509-A5B7-0821018C14EA}.PreViewRelease|ARM.ActiveCfg = Preview|Any CPU
		{7443F05B-2B8B-4509-A5B7-0821018C14EA}.PreViewRelease|x64.ActiveCfg = Preview|Any CPU
		{7443F05B-2B8B-4509-A5B7-0821018C14EA}.PreViewRelease|x86.ActiveCfg = Preview|Any CPU
		{7443F05B-2B8B-4509-A5B7-0821018C14EA}.PreViewRelease|x86.Deploy.0 = Preview|Any CPU
		{7443F05B-2B8B-4509-A5B7-0821018C14EA}.Release|Any CPU.ActiveCfg = Release|Any CPU
		{7443F05B-2B8B-4509-A5B7-0821018C14EA}.Release|Any CPU.Build.0 = Release|Any CPU
		{7443F05B-2B8B-4509-A5B7-0821018C14EA}.Release|ARM.ActiveCfg = Release|Any CPU
		{7443F05B-2B8B-4509-A5B7-0821018C14EA}.Release|ARM.Build.0 = Release|Any CPU
		{7443F05B-2B8B-4509-A5B7-0821018C14EA}.Release|x64.ActiveCfg = Release|Any CPU
		{7443F05B-2B8B-4509-A5B7-0821018C14EA}.Release|x64.Build.0 = Release|Any CPU
		{7443F05B-2B8B-4509-A5B7-0821018C14EA}.Release|x86.ActiveCfg = Release|Any CPU
		{7443F05B-2B8B-4509-A5B7-0821018C14EA}.Testing|Any CPU.ActiveCfg = Testing|Any CPU
		{7443F05B-2B8B-4509-A5B7-0821018C14EA}.Testing|Any CPU.Build.0 = Testing|Any CPU
		{7443F05B-2B8B-4509-A5B7-0821018C14EA}.Testing|ARM.ActiveCfg = Testing|Any CPU
		{7443F05B-2B8B-4509-A5B7-0821018C14EA}.Testing|x64.ActiveCfg = Testing|Any CPU
		{7443F05B-2B8B-4509-A5B7-0821018C14EA}.Testing|x86.ActiveCfg = Testing|Any CPU
	EndGlobalSection
	GlobalSection(SolutionProperties) = preSolution
		HideSolutionNode = FALSE
	EndGlobalSection
EndGlobal
